
Microsoft Visual Studio Solution File, Format Version 12.00
# Visual Studio 15
VisualStudioVersion = 15.0.26124.0
MinimumVisualStudioVersion = 15.0.26124.0
Project("{FAE04EC0-301F-11D3-BF4B-00C04F79EFBC}") = "Domain", "Domain\Domain.csproj", "{DC5873C7-D5D5-4FE7-948A-69879B2FCE0A}"
EndProject
Project("{FAE04EC0-301F-11D3-BF4B-00C04F79EFBC}") = "Application", "Application\Application.csproj", "{DFA057CA-8A32-40E0-80C8-C84FF4582808}"
EndProject
Project("{FAE04EC0-301F-11D3-BF4B-00C04F79EFBC}") = "Persistence", "Persistence\Persistence.csproj", "{ED7DAB85-4060-4704-B141-AE5E1982E224}"
EndProject
Project("{FAE04EC0-301F-11D3-BF4B-00C04F79EFBC}") = "API", "API\API.csproj", "{D69BB3DC-E926-463E-ACB6-8D73BDF753E9}"
EndProject
Global
	GlobalSection(SolutionConfigurationPlatforms) = preSolution
		Debug|Any CPU = Debug|Any CPU
		Debug|x64 = Debug|x64
		Debug|x86 = Debug|x86
		Release|Any CPU = Release|Any CPU
		Release|x64 = Release|x64
		Release|x86 = Release|x86
	EndGlobalSection
	GlobalSection(SolutionProperties) = preSolution
		HideSolutionNode = FALSE
	EndGlobalSection
	GlobalSection(ProjectConfigurationPlatforms) = postSolution
		{DC5873C7-D5D5-4FE7-948A-69879B2FCE0A}.Debug|Any CPU.ActiveCfg = Debug|Any CPU
		{DC5873C7-D5D5-4FE7-948A-69879B2FCE0A}.Debug|Any CPU.Build.0 = Debug|Any CPU
		{DC5873C7-D5D5-4FE7-948A-69879B2FCE0A}.Debug|x64.ActiveCfg = Debug|Any CPU
		{DC5873C7-D5D5-4FE7-948A-69879B2FCE0A}.Debug|x64.Build.0 = Debug|Any CPU
		{DC5873C7-D5D5-4FE7-948A-69879B2FCE0A}.Debug|x86.ActiveCfg = Debug|Any CPU
		{DC5873C7-D5D5-4FE7-948A-69879B2FCE0A}.Debug|x86.Build.0 = Debug|Any CPU
		{DC5873C7-D5D5-4FE7-948A-69879B2FCE0A}.Release|Any CPU.ActiveCfg = Release|Any CPU
		{DC5873C7-D5D5-4FE7-948A-69879B2FCE0A}.Release|Any CPU.Build.0 = Release|Any CPU
		{DC5873C7-D5D5-4FE7-948A-69879B2FCE0A}.Release|x64.ActiveCfg = Release|Any CPU
		{DC5873C7-D5D5-4FE7-948A-69879B2FCE0A}.Release|x64.Build.0 = Release|Any CPU
		{DC5873C7-D5D5-4FE7-948A-69879B2FCE0A}.Release|x86.ActiveCfg = Release|Any CPU
		{DC5873C7-D5D5-4FE7-948A-69879B2FCE0A}.Release|x86.Build.0 = Release|Any CPU
		{DFA057CA-8A32-40E0-80C8-C84FF4582808}.Debug|Any CPU.ActiveCfg = Debug|Any CPU
		{DFA057CA-8A32-40E0-80C8-C84FF4582808}.Debug|Any CPU.Build.0 = Debug|Any CPU
		{DFA057CA-8A32-40E0-80C8-C84FF4582808}.Debug|x64.ActiveCfg = Debug|Any CPU
		{DFA057CA-8A32-40E0-80C8-C84FF4582808}.Debug|x64.Build.0 = Debug|Any CPU
		{DFA057CA-8A32-40E0-80C8-C84FF4582808}.Debug|x86.ActiveCfg = Debug|Any CPU
		{DFA057CA-8A32-40E0-80C8-C84FF4582808}.Debug|x86.Build.0 = Debug|Any CPU
		{DFA057CA-8A32-40E0-80C8-C84FF4582808}.Release|Any CPU.ActiveCfg = Release|Any CPU
		{DFA057CA-8A32-40E0-80C8-C84FF4582808}.Release|Any CPU.Build.0 = Release|Any CPU
		{DFA057CA-8A32-40E0-80C8-C84FF4582808}.Release|x64.ActiveCfg = Release|Any CPU
		{DFA057CA-8A32-40E0-80C8-C84FF4582808}.Release|x64.Build.0 = Release|Any CPU
		{DFA057CA-8A32-40E0-80C8-C84FF4582808}.Release|x86.ActiveCfg = Release|Any CPU
		{DFA057CA-8A32-40E0-80C8-C84FF4582808}.Release|x86.Build.0 = Release|Any CPU
		{ED7DAB85-4060-4704-B141-AE5E1982E224}.Debug|Any CPU.ActiveCfg = Debug|Any CPU
		{ED7DAB85-4060-4704-B141-AE5E1982E224}.Debug|Any CPU.Build.0 = Debug|Any CPU
		{ED7DAB85-4060-4704-B141-AE5E1982E224}.Debug|x64.ActiveCfg = Debug|Any CPU
		{ED7DAB85-4060-4704-B141-AE5E1982E224}.Debug|x64.Build.0 = Debug|Any CPU
		{ED7DAB85-4060-4704-B141-AE5E1982E224}.Debug|x86.ActiveCfg = Debug|Any CPU
		{ED7DAB85-4060-4704-B141-AE5E1982E224}.Debug|x86.Build.0 = Debug|Any CPU
		{ED7DAB85-4060-4704-B141-AE5E1982E224}.Release|Any CPU.ActiveCfg = Release|Any CPU
		{ED7DAB85-4060-4704-B141-AE5E1982E224}.Release|Any CPU.Build.0 = Release|Any CPU
		{ED7DAB85-4060-4704-B141-AE5E1982E224}.Release|x64.ActiveCfg = Release|Any CPU
		{ED7DAB85-4060-4704-B141-AE5E1982E224}.Release|x64.Build.0 = Release|Any CPU
		{ED7DAB85-4060-4704-B141-AE5E1982E224}.Release|x86.ActiveCfg = Release|Any CPU
		{ED7DAB85-4060-4704-B141-AE5E1982E224}.Release|x86.Build.0 = Release|Any CPU
		{D69BB3DC-E926-463E-ACB6-8D73BDF753E9}.Debug|Any CPU.ActiveCfg = Debug|Any CPU
		{D69BB3DC-E926-463E-ACB6-8D73BDF753E9}.Debug|Any CPU.Build.0 = Debug|Any CPU
		{D69BB3DC-E926-463E-ACB6-8D73BDF753E9}.Debug|x64.ActiveCfg = Debug|Any CPU
		{D69BB3DC-E926-463E-ACB6-8D73BDF753E9}.Debug|x64.Build.0 = Debug|Any CPU
		{D69BB3DC-E926-463E-ACB6-8D73BDF753E9}.Debug|x86.ActiveCfg = Debug|Any CPU
		{D69BB3DC-E926-463E-ACB6-8D73BDF753E9}.Debug|x86.Build.0 = Debug|Any CPU
		{D69BB3DC-E926-463E-ACB6-8D73BDF753E9}.Release|Any CPU.ActiveCfg = Release|Any CPU
		{D69BB3DC-E926-463E-ACB6-8D73BDF753E9}.Release|Any CPU.Build.0 = Release|Any CPU
		{D69BB3DC-E926-463E-ACB6-8D73BDF753E9}.Release|x64.ActiveCfg = Release|Any CPU
		{D69BB3DC-E926-463E-ACB6-8D73BDF753E9}.Release|x64.Build.0 = Release|Any CPU
		{D69BB3DC-E926-463E-ACB6-8D73BDF753E9}.Release|x86.ActiveCfg = Release|Any CPU
		{D69BB3DC-E926-463E-ACB6-8D73BDF753E9}.Release|x86.Build.0 = Release|Any CPU
	EndGlobalSection
EndGlobal
